
Microsoft Visual Studio Solution File, Format Version 12.00
# Visual Studio 15
VisualStudioVersion = 15.0.28010.2026
MinimumVisualStudioVersion = 10.0.40219.1
Project("{FAE04EC0-301F-11D3-BF4B-00C04F79EFBC}") = "LegalTropics", "LegalTropics\LegalTropics.csproj", "{3B0412C4-0D16-4707-AE31-81D7F3F5ADF1}"
	ProjectSection(ProjectDependencies) = postProject
		{123ED336-C658-4846-89A3-8CE6AC9F689A} = {123ED336-C658-4846-89A3-8CE6AC9F689A}
	EndProjectSection
EndProject
Project("{FAE04EC0-301F-11D3-BF4B-00C04F79EFBC}") = "Traductor", "Traductor\Traductor.csproj", "{8F1CCFFE-6DFA-49BD-8721-48E47D72BC2B}"
EndProject
Project("{FAE04EC0-301F-11D3-BF4B-00C04F79EFBC}") = "PrettyPrint", "PrettyPrint\PrettyPrint.csproj", "{123ED336-C658-4846-89A3-8CE6AC9F689A}"
EndProject
Project("{FAE04EC0-301F-11D3-BF4B-00C04F79EFBC}") = "UpLoadImagesToMsAccess", "UpLoadImagesToMsAccess\UpLoadImagesToMsAccess.csproj", "{CAA39E23-8A3E-49CE-933B-CB96D9662DE6}"
EndProject
Project("{FAE04EC0-301F-11D3-BF4B-00C04F79EFBC}") = "Globales", "Globales\Globales.csproj", "{9875D5FC-5821-4CD5-A9E0-2A18DB463DB9}"
EndProject
Project("{FAE04EC0-301F-11D3-BF4B-00C04F79EFBC}") = "ActualizaBaseDatos", "ActualizaBaseDatos\ActualizaBaseDatos.csproj", "{E538FEE3-D2FD-4EFE-9700-DA64D59E9E17}"
EndProject
Project("{FAE04EC0-301F-11D3-BF4B-00C04F79EFBC}") = "APFInfo", "APFInfo\APFInfo.csproj", "{78E95583-3D1A-4B69-A3E2-734756F80145}"
EndProject
Project("{FAE04EC0-301F-11D3-BF4B-00C04F79EFBC}") = "PruebaArbol", "Pruebaarbol\PruebaArbol.csproj", "{3DDF80B8-10CF-4857-AA65-6B4670A91197}"
EndProject
Project("{FAE04EC0-301F-11D3-BF4B-00C04F79EFBC}") = "TestTraductor", "TestTraductor\TestTraductor.csproj", "{F85CD33B-DD00-4E4C-962F-49AA197B37CA}"
EndProject
Project("{FAE04EC0-301F-11D3-BF4B-00C04F79EFBC}") = "Photo2String", "Photo2String\Photo2String.csproj", "{CDEE69B9-E2FD-4D2C-8250-D21FE9358B4E}"
EndProject
Project("{FAE04EC0-301F-11D3-BF4B-00C04F79EFBC}") = "OrganigramaAdmin", "OrganigramaAdmin\OrganigramaAdmin.csproj", "{0D4B448C-A406-49BE-89EE-FC3875D57DA5}"
EndProject
Project("{FAE04EC0-301F-11D3-BF4B-00C04F79EFBC}") = "CifradoPassword", "CifradoPassword\CifradoPassword.csproj", "{E1E74125-CEBE-46A2-8561-0B8308349C02}"
EndProject
Project("{FAE04EC0-301F-11D3-BF4B-00C04F79EFBC}") = "OrgBusqueda", "OrgBusqueda\OrgBusqueda.csproj", "{C57A13EA-C816-4575-B35C-2A3828547514}"
EndProject
Project("{FAE04EC0-301F-11D3-BF4B-00C04F79EFBC}") = "AccesoBaseDatos", "AccesoBaseDatos\AccesoBaseDatos.csproj", "{25AE4EDC-93FA-4876-BCE5-15B456DACA44}"
EndProject
Global
	GlobalSection(SolutionConfigurationPlatforms) = preSolution
		Debug|Any CPU = Debug|Any CPU
		Release|Any CPU = Release|Any CPU
	EndGlobalSection
	GlobalSection(ProjectConfigurationPlatforms) = postSolution
		{3B0412C4-0D16-4707-AE31-81D7F3F5ADF1}.Debug|Any CPU.ActiveCfg = Debug|Any CPU
		{3B0412C4-0D16-4707-AE31-81D7F3F5ADF1}.Debug|Any CPU.Build.0 = Debug|Any CPU
		{3B0412C4-0D16-4707-AE31-81D7F3F5ADF1}.Release|Any CPU.ActiveCfg = Release|Any CPU
		{3B0412C4-0D16-4707-AE31-81D7F3F5ADF1}.Release|Any CPU.Build.0 = Release|Any CPU
		{8F1CCFFE-6DFA-49BD-8721-48E47D72BC2B}.Debug|Any CPU.ActiveCfg = Debug|Any CPU
		{8F1CCFFE-6DFA-49BD-8721-48E47D72BC2B}.Debug|Any CPU.Build.0 = Debug|Any CPU
		{8F1CCFFE-6DFA-49BD-8721-48E47D72BC2B}.Release|Any CPU.ActiveCfg = Release|Any CPU
		{8F1CCFFE-6DFA-49BD-8721-48E47D72BC2B}.Release|Any CPU.Build.0 = Release|Any CPU
		{123ED336-C658-4846-89A3-8CE6AC9F689A}.Debug|Any CPU.ActiveCfg = Debug|Any CPU
		{123ED336-C658-4846-89A3-8CE6AC9F689A}.Debug|Any CPU.Build.0 = Debug|Any CPU
		{123ED336-C658-4846-89A3-8CE6AC9F689A}.Release|Any CPU.ActiveCfg = Release|Any CPU
		{123ED336-C658-4846-89A3-8CE6AC9F689A}.Release|Any CPU.Build.0 = Release|Any CPU
		{CAA39E23-8A3E-49CE-933B-CB96D9662DE6}.Debug|Any CPU.ActiveCfg = Debug|Any CPU
		{CAA39E23-8A3E-49CE-933B-CB96D9662DE6}.Debug|Any CPU.Build.0 = Debug|Any CPU
		{CAA39E23-8A3E-49CE-933B-CB96D9662DE6}.Release|Any CPU.ActiveCfg = Release|Any CPU
		{CAA39E23-8A3E-49CE-933B-CB96D9662DE6}.Release|Any CPU.Build.0 = Release|Any CPU
		{9875D5FC-5821-4CD5-A9E0-2A18DB463DB9}.Debug|Any CPU.ActiveCfg = Debug|Any CPU
		{9875D5FC-5821-4CD5-A9E0-2A18DB463DB9}.Debug|Any CPU.Build.0 = Debug|Any CPU
		{9875D5FC-5821-4CD5-A9E0-2A18DB463DB9}.Release|Any CPU.ActiveCfg = Release|Any CPU
		{9875D5FC-5821-4CD5-A9E0-2A18DB463DB9}.Release|Any CPU.Build.0 = Release|Any CPU
		{E538FEE3-D2FD-4EFE-9700-DA64D59E9E17}.Debug|Any CPU.ActiveCfg = Debug|Any CPU
		{E538FEE3-D2FD-4EFE-9700-DA64D59E9E17}.Debug|Any CPU.Build.0 = Debug|Any CPU
		{E538FEE3-D2FD-4EFE-9700-DA64D59E9E17}.Release|Any CPU.ActiveCfg = Release|Any CPU
		{E538FEE3-D2FD-4EFE-9700-DA64D59E9E17}.Release|Any CPU.Build.0 = Release|Any CPU
		{78E95583-3D1A-4B69-A3E2-734756F80145}.Debug|Any CPU.ActiveCfg = Debug|Any CPU
		{78E95583-3D1A-4B69-A3E2-734756F80145}.Debug|Any CPU.Build.0 = Debug|Any CPU
		{78E95583-3D1A-4B69-A3E2-734756F80145}.Release|Any CPU.ActiveCfg = Release|Any CPU
		{78E95583-3D1A-4B69-A3E2-734756F80145}.Release|Any CPU.Build.0 = Release|Any CPU
		{3DDF80B8-10CF-4857-AA65-6B4670A91197}.Debug|Any CPU.ActiveCfg = Debug|Any CPU
		{3DDF80B8-10CF-4857-AA65-6B4670A91197}.Debug|Any CPU.Build.0 = Debug|Any CPU
		{3DDF80B8-10CF-4857-AA65-6B4670A91197}.Release|Any CPU.ActiveCfg = Release|Any CPU
		{3DDF80B8-10CF-4857-AA65-6B4670A91197}.Release|Any CPU.Build.0 = Release|Any CPU
		{F85CD33B-DD00-4E4C-962F-49AA197B37CA}.Debug|Any CPU.ActiveCfg = Debug|Any CPU
		{F85CD33B-DD00-4E4C-962F-49AA197B37CA}.Debug|Any CPU.Build.0 = Debug|Any CPU
		{F85CD33B-DD00-4E4C-962F-49AA197B37CA}.Release|Any CPU.ActiveCfg = Release|Any CPU
		{F85CD33B-DD00-4E4C-962F-49AA197B37CA}.Release|Any CPU.Build.0 = Release|Any CPU
		{CDEE69B9-E2FD-4D2C-8250-D21FE9358B4E}.Debug|Any CPU.ActiveCfg = Debug|Any CPU
		{CDEE69B9-E2FD-4D2C-8250-D21FE9358B4E}.Debug|Any CPU.Build.0 = Debug|Any CPU
		{CDEE69B9-E2FD-4D2C-8250-D21FE9358B4E}.Release|Any CPU.ActiveCfg = Release|Any CPU
		{CDEE69B9-E2FD-4D2C-8250-D21FE9358B4E}.Release|Any CPU.Build.0 = Release|Any CPU
		{0D4B448C-A406-49BE-89EE-FC3875D57DA5}.Debug|Any CPU.ActiveCfg = Debug|Any CPU
		{0D4B448C-A406-49BE-89EE-FC3875D57DA5}.Debug|Any CPU.Build.0 = Debug|Any CPU
		{0D4B448C-A406-49BE-89EE-FC3875D57DA5}.Release|Any CPU.ActiveCfg = Release|Any CPU
		{0D4B448C-A406-49BE-89EE-FC3875D57DA5}.Release|Any CPU.Build.0 = Release|Any CPU
		{E1E74125-CEBE-46A2-8561-0B8308349C02}.Debug|Any CPU.ActiveCfg = Debug|Any CPU
		{E1E74125-CEBE-46A2-8561-0B8308349C02}.Debug|Any CPU.Build.0 = Debug|Any CPU
		{E1E74125-CEBE-46A2-8561-0B8308349C02}.Release|Any CPU.ActiveCfg = Release|Any CPU
		{E1E74125-CEBE-46A2-8561-0B8308349C02}.Release|Any CPU.Build.0 = Release|Any CPU
		{C57A13EA-C816-4575-B35C-2A3828547514}.Debug|Any CPU.ActiveCfg = Debug|Any CPU
		{C57A13EA-C816-4575-B35C-2A3828547514}.Debug|Any CPU.Build.0 = Debug|Any CPU
		{C57A13EA-C816-4575-B35C-2A3828547514}.Release|Any CPU.ActiveCfg = Release|Any CPU
		{C57A13EA-C816-4575-B35C-2A3828547514}.Release|Any CPU.Build.0 = Release|Any CPU
		{25AE4EDC-93FA-4876-BCE5-15B456DACA44}.Debug|Any CPU.ActiveCfg = Debug|Any CPU
		{25AE4EDC-93FA-4876-BCE5-15B456DACA44}.Debug|Any CPU.Build.0 = Debug|Any CPU
		{25AE4EDC-93FA-4876-BCE5-15B456DACA44}.Release|Any CPU.ActiveCfg = Release|Any CPU
		{25AE4EDC-93FA-4876-BCE5-15B456DACA44}.Release|Any CPU.Build.0 = Release|Any CPU
	EndGlobalSection
	GlobalSection(SolutionProperties) = preSolution
		HideSolutionNode = FALSE
	EndGlobalSection
	GlobalSection(ExtensibilityGlobals) = postSolution
		SolutionGuid = {F5BAD70E-17DF-443F-B5DD-B897E59A6681}
	EndGlobalSection
EndGlobal
